
Microsoft Visual Studio Solution File, Format Version 12.00
# Visual Studio 14
VisualStudioVersion = 14.0.25420.1
MinimumVisualStudioVersion = 10.0.40219.1
Project("{FAE04EC0-301F-11D3-BF4B-00C04F79EFBC}") = "ComputerVision.Core", "src\ComputerVision.Core\ComputerVision.Core.csproj", "{B5837C5D-D96E-4877-9019-B49B402B86A8}"
EndProject
Project("{FAE04EC0-301F-11D3-BF4B-00C04F79EFBC}") = "ComputerVision.Mvc", "src\ComputerVision.Mvc\ComputerVision.Mvc.csproj", "{C58A0E98-73D4-4FB7-BB95-63D34518278F}"
EndProject
Global
	GlobalSection(SolutionConfigurationPlatforms) = preSolution
		Debug|Any CPU = Debug|Any CPU
		Release|Any CPU = Release|Any CPU
	EndGlobalSection
	GlobalSection(ProjectConfigurationPlatforms) = postSolution
		{B5837C5D-D96E-4877-9019-B49B402B86A8}.Debug|Any CPU.ActiveCfg = Debug|Any CPU
		{B5837C5D-D96E-4877-9019-B49B402B86A8}.Debug|Any CPU.Build.0 = Debug|Any CPU
		{B5837C5D-D96E-4877-9019-B49B402B86A8}.Release|Any CPU.ActiveCfg = Release|Any CPU
		{B5837C5D-D96E-4877-9019-B49B402B86A8}.Release|Any CPU.Build.0 = Release|Any CPU
		{C58A0E98-73D4-4FB7-BB95-63D34518278F}.Debug|Any CPU.ActiveCfg = Debug|Any CPU
		{C58A0E98-73D4-4FB7-BB95-63D34518278F}.Debug|Any CPU.Build.0 = Debug|Any CPU
		{C58A0E98-73D4-4FB7-BB95-63D34518278F}.Release|Any CPU.ActiveCfg = Release|Any CPU
		{C58A0E98-73D4-4FB7-BB95-63D34518278F}.Release|Any CPU.Build.0 = Release|Any CPU
	EndGlobalSection
	GlobalSection(SolutionProperties) = preSolution
		HideSolutionNode = FALSE
	EndGlobalSection
EndGlobal
